// !$*UTF8*$!
{
	archiveVersion = 1;
	classes = {
	};
	objectVersion = 45;
	objects = {

/* Begin PBXBuildFile section */
		1D3623260D0F684500981E51 /* AudioThroughAppDelegate.mm in Sources */ = {isa = PBXBuildFile; fileRef = 1D3623250D0F684500981E51 /* AudioThroughAppDelegate.mm */; };
		1D60589B0D05DD56006BFB54 /* main.m in Sources */ = {isa = PBXBuildFile; fileRef = 29B97316FDCFA39411CA2CEA /* main.m */; };
		1D60589F0D05DD5A006BFB54 /* Foundation.framework in Frameworks */ = {isa = PBXBuildFile; fileRef = 1D30AB110D05D00D00671497 /* Foundation.framework */; };
		1DF5F4E00D08C38300B7A737 /* UIKit.framework in Frameworks */ = {isa = PBXBuildFile; fileRef = 1DF5F4DF0D08C38300B7A737 /* UIKit.framework */; };
		288765A50DF7441C002DB57D /* CoreGraphics.framework in Frameworks */ = {isa = PBXBuildFile; fileRef = 288765A40DF7441C002DB57D /* CoreGraphics.framework */; };
		2899E5220DE3E06400AC0155 /* AudioThroughViewController.xib in Resources */ = {isa = PBXBuildFile; fileRef = 2899E5210DE3E06400AC0155 /* AudioThroughViewController.xib */; };
		28AD733F0D9D9553002E5188 /* MainWindow.xib in Resources */ = {isa = PBXBuildFile; fileRef = 28AD733E0D9D9553002E5188 /* MainWindow.xib */; };
		28D7ACF80DDB3853001CB0EB /* AudioThroughViewController.mm in Sources */ = {isa = PBXBuildFile; fileRef = 28D7ACF70DDB3853001CB0EB /* AudioThroughViewController.mm */; };
		3021D98F0F4CEBD9002806A5 /* CADebugMacros.cpp in Sources */ = {isa = PBXBuildFile; fileRef = 3021D9840F4CEBD9002806A5 /* CADebugMacros.cpp */; };
		3021D9900F4CEBD9002806A5 /* CAStreamBasicDescription.cpp in Sources */ = {isa = PBXBuildFile; fileRef = 3021D9870F4CEBD9002806A5 /* CAStreamBasicDescription.cpp */; };
		3021D9910F4CEBD9002806A5 /* CAXException.cpp in Sources */ = {isa = PBXBuildFile; fileRef = 3021D9890F4CEBD9002806A5 /* CAXException.cpp */; };
		3021D9920F4CEBD9002806A5 /* aurio_helper.cpp in Sources */ = {isa = PBXBuildFile; fileRef = 3021D98B0F4CEBD9002806A5 /* aurio_helper.cpp */; };
		3021D99A0F4CF194002806A5 /* rad2fft.c in Sources */ = {isa = PBXBuildFile; fileRef = 3021D9960F4CF194002806A5 /* rad2fft.c */; };
		3021D99B0F4CF194002806A5 /* SpectrumAnalysis.cpp in Sources */ = {isa = PBXBuildFile; fileRef = 3021D9980F4CF194002806A5 /* SpectrumAnalysis.cpp */; };
		3021D99D0F4CF747002806A5 /* AudioToolbox.framework in Frameworks */ = {isa = PBXBuildFile; fileRef = 3021D99C0F4CF747002806A5 /* AudioToolbox.framework */; };
		3021D9AA0F4CF966002806A5 /* FFTBufferManager.cpp in Sources */ = {isa = PBXBuildFile; fileRef = 3021D9A90F4CF966002806A5 /* FFTBufferManager.cpp */; };
		305BF5B10F4D21C200215CCD /* SniperRaptorJesus.jpg in Resources */ = {isa = PBXBuildFile; fileRef = 305BF5B00F4D21C200215CCD /* SniperRaptorJesus.jpg */; };
/* End PBXBuildFile section */

/* Begin PBXFileReference section */
		1D30AB110D05D00D00671497 /* Foundation.framework */ = {isa = PBXFileReference; lastKnownFileType = wrapper.framework; name = Foundation.framework; path = System/Library/Frameworks/Foundation.framework; sourceTree = SDKROOT; };
		1D3623240D0F684500981E51 /* AudioThroughAppDelegate.h */ = {isa = PBXFileReference; fileEncoding = 4; lastKnownFileType = sourcecode.c.h; path = AudioThroughAppDelegate.h; sourceTree = "<group>"; };
		1D3623250D0F684500981E51 /* AudioThroughAppDelegate.mm */ = {isa = PBXFileReference; fileEncoding = 4; lastKnownFileType = sourcecode.cpp.objcpp; path = AudioThroughAppDelegate.mm; sourceTree = "<group>"; };
		1D6058910D05DD3D006BFB54 /* AudioThrough.app */ = {isa = PBXFileReference; explicitFileType = wrapper.application; includeInIndex = 0; path = AudioThrough.app; sourceTree = BUILT_PRODUCTS_DIR; };
		1DF5F4DF0D08C38300B7A737 /* UIKit.framework */ = {isa = PBXFileReference; lastKnownFileType = wrapper.framework; name = UIKit.framework; path = System/Library/Frameworks/UIKit.framework; sourceTree = SDKROOT; };
		288765A40DF7441C002DB57D /* CoreGraphics.framework */ = {isa = PBXFileReference; lastKnownFileType = wrapper.framework; name = CoreGraphics.framework; path = System/Library/Frameworks/CoreGraphics.framework; sourceTree = SDKROOT; };
		2899E5210DE3E06400AC0155 /* AudioThroughViewController.xib */ = {isa = PBXFileReference; lastKnownFileType = file.xib; path = AudioThroughViewController.xib; sourceTree = "<group>"; };
		28AD733E0D9D9553002E5188 /* MainWindow.xib */ = {isa = PBXFileReference; lastKnownFileType = file.xib; path = MainWindow.xib; sourceTree = "<group>"; };
		28D7ACF60DDB3853001CB0EB /* AudioThroughViewController.h */ = {isa = PBXFileReference; fileEncoding = 4; lastKnownFileType = sourcecode.c.h; path = AudioThroughViewController.h; sourceTree = "<group>"; };
		28D7ACF70DDB3853001CB0EB /* AudioThroughViewController.mm */ = {isa = PBXFileReference; fileEncoding = 4; lastKnownFileType = sourcecode.cpp.objcpp; path = AudioThroughViewController.mm; sourceTree = "<group>"; };
		29B97316FDCFA39411CA2CEA /* main.m */ = {isa = PBXFileReference; fileEncoding = 4; lastKnownFileType = sourcecode.c.objc; path = main.m; sourceTree = "<group>"; };
		3021D9840F4CEBD9002806A5 /* CADebugMacros.cpp */ = {isa = PBXFileReference; fileEncoding = 4; lastKnownFileType = sourcecode.cpp.cpp; path = CADebugMacros.cpp; sourceTree = "<group>"; };
		3021D9850F4CEBD9002806A5 /* CADebugMacros.h */ = {isa = PBXFileReference; fileEncoding = 4; lastKnownFileType = sourcecode.c.h; path = CADebugMacros.h; sourceTree = "<group>"; };
		3021D9860F4CEBD9002806A5 /* CAMath.h */ = {isa = PBXFileReference; fileEncoding = 4; lastKnownFileType = sourcecode.c.h; path = CAMath.h; sourceTree = "<group>"; };
		3021D9870F4CEBD9002806A5 /* CAStreamBasicDescription.cpp */ = {isa = PBXFileReference; fileEncoding = 4; lastKnownFileType = sourcecode.cpp.cpp; path = CAStreamBasicDescription.cpp; sourceTree = "<group>"; };
		3021D9880F4CEBD9002806A5 /* CAStreamBasicDescription.h */ = {isa = PBXFileReference; fileEncoding = 4; lastKnownFileType = sourcecode.c.h; path = CAStreamBasicDescription.h; sourceTree = "<group>"; };
		3021D9890F4CEBD9002806A5 /* CAXException.cpp */ = {isa = PBXFileReference; fileEncoding = 4; lastKnownFileType = sourcecode.cpp.cpp; path = CAXException.cpp; sourceTree = "<group>"; };
		3021D98A0F4CEBD9002806A5 /* CAXException.h */ = {isa = PBXFileReference; fileEncoding = 4; lastKnownFileType = sourcecode.c.h; path = CAXException.h; sourceTree = "<group>"; };
		3021D98B0F4CEBD9002806A5 /* aurio_helper.cpp */ = {isa = PBXFileReference; fileEncoding = 4; lastKnownFileType = sourcecode.cpp.cpp; path = aurio_helper.cpp; sourceTree = "<group>"; };
		3021D98C0F4CEBD9002806A5 /* aurio_helper.h */ = {isa = PBXFileReference; fileEncoding = 4; lastKnownFileType = sourcecode.c.h; path = aurio_helper.h; sourceTree = "<group>"; };
		3021D9960F4CF194002806A5 /* rad2fft.c */ = {isa = PBXFileReference; fileEncoding = 4; lastKnownFileType = sourcecode.c.c; path = rad2fft.c; sourceTree = "<group>"; };
		3021D9970F4CF194002806A5 /* rad2fft.h */ = {isa = PBXFileReference; fileEncoding = 4; lastKnownFileType = sourcecode.c.h; path = rad2fft.h; sourceTree = "<group>"; };
		3021D9980F4CF194002806A5 /* SpectrumAnalysis.cpp */ = {isa = PBXFileReference; fileEncoding = 4; lastKnownFileType = sourcecode.cpp.cpp; path = SpectrumAnalysis.cpp; sourceTree = "<group>"; };
		3021D9990F4CF194002806A5 /* SpectrumAnalysis.h */ = {isa = PBXFileReference; fileEncoding = 4; lastKnownFileType = sourcecode.c.h; path = SpectrumAnalysis.h; sourceTree = "<group>"; };
		3021D99C0F4CF747002806A5 /* AudioToolbox.framework */ = {isa = PBXFileReference; lastKnownFileType = wrapper.framework; name = AudioToolbox.framework; path = System/Library/Frameworks/AudioToolbox.framework; sourceTree = SDKROOT; };
		3021D9A80F4CF966002806A5 /* FFTBufferManager.h */ = {isa = PBXFileReference; fileEncoding = 4; lastKnownFileType = sourcecode.c.h; path = FFTBufferManager.h; sourceTree = "<group>"; };
		3021D9A90F4CF966002806A5 /* FFTBufferManager.cpp */ = {isa = PBXFileReference; fileEncoding = 4; lastKnownFileType = sourcecode.cpp.cpp; path = FFTBufferManager.cpp; sourceTree = "<group>"; };
		305BF5B00F4D21C200215CCD /* SniperRaptorJesus.jpg */ = {isa = PBXFileReference; lastKnownFileType = image.jpeg; path = SniperRaptorJesus.jpg; sourceTree = "<group>"; };
		32CA4F630368D1EE00C91783 /* AudioThrough_Prefix.pch */ = {isa = PBXFileReference; fileEncoding = 4; lastKnownFileType = sourcecode.c.h; path = AudioThrough_Prefix.pch; sourceTree = "<group>"; };
		8D1107310486CEB800E47090 /* Info.plist */ = {isa = PBXFileReference; fileEncoding = 4; lastKnownFileType = text.plist.xml; path = Info.plist; sourceTree = "<group>"; };
/* End PBXFileReference section */

/* Begin PBXFrameworksBuildPhase section */
		1D60588F0D05DD3D006BFB54 /* Frameworks */ = {
			isa = PBXFrameworksBuildPhase;
			buildActionMask = 2147483647;
			files = (
				1D60589F0D05DD5A006BFB54 /* Foundation.framework in Frameworks */,
				1DF5F4E00D08C38300B7A737 /* UIKit.framework in Frameworks */,
				288765A50DF7441C002DB57D /* CoreGraphics.framework in Frameworks */,
				3021D99D0F4CF747002806A5 /* AudioToolbox.framework in Frameworks */,
			);
			runOnlyForDeploymentPostprocessing = 0;
		};
/* End PBXFrameworksBuildPhase section */

/* Begin PBXGroup section */
		080E96DDFE201D6D7F000001 /* Classes */ = {
			isa = PBXGroup;
			children = (
				3021D9A80F4CF966002806A5 /* FFTBufferManager.h */,
				3021D9A90F4CF966002806A5 /* FFTBufferManager.cpp */,
				1D3623240D0F684500981E51 /* AudioThroughAppDelegate.h */,
				1D3623250D0F684500981E51 /* AudioThroughAppDelegate.mm */,
				28D7ACF60DDB3853001CB0EB /* AudioThroughViewController.h */,
				28D7ACF70DDB3853001CB0EB /* AudioThroughViewController.mm */,
			);
			path = Classes;
			sourceTree = "<group>";
		};
		19C28FACFE9D520D11CA2CBB /* Products */ = {
			isa = PBXGroup;
			children = (
				1D6058910D05DD3D006BFB54 /* AudioThrough.app */,
			);
			name = Products;
			sourceTree = "<group>";
		};
		29B97314FDCFA39411CA2CEA /* CustomTemplate */ = {
			isa = PBXGroup;
			children = (
				3021D97D0F4CEBC3002806A5 /* Audio */,
				080E96DDFE201D6D7F000001 /* Classes */,
				29B97315FDCFA39411CA2CEA /* Other Sources */,
				29B97317FDCFA39411CA2CEA /* Resources */,
				29B97323FDCFA39411CA2CEA /* Frameworks */,
				19C28FACFE9D520D11CA2CBB /* Products */,
			);
			name = CustomTemplate;
			sourceTree = "<group>";
		};
		29B97315FDCFA39411CA2CEA /* Other Sources */ = {
			isa = PBXGroup;
			children = (
				32CA4F630368D1EE00C91783 /* AudioThrough_Prefix.pch */,
				29B97316FDCFA39411CA2CEA /* main.m */,
			);
			name = "Other Sources";
			sourceTree = "<group>";
		};
		29B97317FDCFA39411CA2CEA /* Resources */ = {
			isa = PBXGroup;
			children = (
				305BF5B00F4D21C200215CCD /* SniperRaptorJesus.jpg */,
				2899E5210DE3E06400AC0155 /* AudioThroughViewController.xib */,
				28AD733E0D9D9553002E5188 /* MainWindow.xib */,
				8D1107310486CEB800E47090 /* Info.plist */,
			);
			name = Resources;
			sourceTree = "<group>";
		};
		29B97323FDCFA39411CA2CEA /* Frameworks */ = {
			isa = PBXGroup;
			children = (
				3021D99C0F4CF747002806A5 /* AudioToolbox.framework */,
				1DF5F4DF0D08C38300B7A737 /* UIKit.framework */,
				1D30AB110D05D00D00671497 /* Foundation.framework */,
				288765A40DF7441C002DB57D /* CoreGraphics.framework */,
			);
			name = Frameworks;
			sourceTree = "<group>";
		};
		3021D97D0F4CEBC3002806A5 /* Audio */ = {
			isa = PBXGroup;
			children = (
				3021D9950F4CF194002806A5 /* fft */,
				3021D9830F4CEBD9002806A5 /* iPublicUtility */,
				3021D98B0F4CEBD9002806A5 /* aurio_helper.cpp */,
				3021D98C0F4CEBD9002806A5 /* aurio_helper.h */,
			);
			name = Audio;
			sourceTree = "<group>";
		};
		3021D9830F4CEBD9002806A5 /* iPublicUtility */ = {
			isa = PBXGroup;
			children = (
				3021D9840F4CEBD9002806A5 /* CADebugMacros.cpp */,
				3021D9850F4CEBD9002806A5 /* CADebugMacros.h */,
				3021D9860F4CEBD9002806A5 /* CAMath.h */,
				3021D9870F4CEBD9002806A5 /* CAStreamBasicDescription.cpp */,
				3021D9880F4CEBD9002806A5 /* CAStreamBasicDescription.h */,
				3021D9890F4CEBD9002806A5 /* CAXException.cpp */,
				3021D98A0F4CEBD9002806A5 /* CAXException.h */,
			);
			path = iPublicUtility;
			sourceTree = "<group>";
		};
		3021D9950F4CF194002806A5 /* fft */ = {
			isa = PBXGroup;
			children = (
				3021D9960F4CF194002806A5 /* rad2fft.c */,
				3021D9970F4CF194002806A5 /* rad2fft.h */,
				3021D9980F4CF194002806A5 /* SpectrumAnalysis.cpp */,
				3021D9990F4CF194002806A5 /* SpectrumAnalysis.h */,
			);
			path = fft;
			sourceTree = "<group>";
		};
/* End PBXGroup section */

/* Begin PBXNativeTarget section */
		1D6058900D05DD3D006BFB54 /* AudioThrough */ = {
			isa = PBXNativeTarget;
			buildConfigurationList = 1D6058960D05DD3E006BFB54 /* Build configuration list for PBXNativeTarget "AudioThrough" */;
			buildPhases = (
				1D60588D0D05DD3D006BFB54 /* Resources */,
				1D60588E0D05DD3D006BFB54 /* Sources */,
				1D60588F0D05DD3D006BFB54 /* Frameworks */,
			);
			buildRules = (
			);
			dependencies = (
			);
			name = AudioThrough;
			productName = AudioThrough;
			productReference = 1D6058910D05DD3D006BFB54 /* AudioThrough.app */;
			productType = "com.apple.product-type.application";
		};
/* End PBXNativeTarget section */

/* Begin PBXProject section */
		29B97313FDCFA39411CA2CEA /* Project object */ = {
			isa = PBXProject;
			buildConfigurationList = C01FCF4E08A954540054247B /* Build configuration list for PBXProject "AudioThrough" */;
			compatibilityVersion = "Xcode 3.1";
			hasScannedForEncodings = 1;
			mainGroup = 29B97314FDCFA39411CA2CEA /* CustomTemplate */;
			projectDirPath = "";
			projectRoot = "";
			targets = (
				1D6058900D05DD3D006BFB54 /* AudioThrough */,
			);
		};
/* End PBXProject section */

/* Begin PBXResourcesBuildPhase section */
		1D60588D0D05DD3D006BFB54 /* Resources */ = {
			isa = PBXResourcesBuildPhase;
			buildActionMask = 2147483647;
			files = (
				28AD733F0D9D9553002E5188 /* MainWindow.xib in Resources */,
				2899E5220DE3E06400AC0155 /* AudioThroughViewController.xib in Resources */,
				305BF5B10F4D21C200215CCD /* SniperRaptorJesus.jpg in Resources */,
			);
			runOnlyForDeploymentPostprocessing = 0;
		};
/* End PBXResourcesBuildPhase section */

/* Begin PBXSourcesBuildPhase section */
		1D60588E0D05DD3D006BFB54 /* Sources */ = {
			isa = PBXSourcesBuildPhase;
			buildActionMask = 2147483647;
			files = (
				1D60589B0D05DD56006BFB54 /* main.m in Sources */,
				1D3623260D0F684500981E51 /* AudioThroughAppDelegate.mm in Sources */,
				28D7ACF80DDB3853001CB0EB /* AudioThroughViewController.mm in Sources */,
				3021D98F0F4CEBD9002806A5 /* CADebugMacros.cpp in Sources */,
				3021D9900F4CEBD9002806A5 /* CAStreamBasicDescription.cpp in Sources */,
				3021D9910F4CEBD9002806A5 /* CAXException.cpp in Sources */,
				3021D9920F4CEBD9002806A5 /* aurio_helper.cpp in Sources */,
				3021D99A0F4CF194002806A5 /* rad2fft.c in Sources */,
				3021D99B0F4CF194002806A5 /* SpectrumAnalysis.cpp in Sources */,
				3021D9AA0F4CF966002806A5 /* FFTBufferManager.cpp in Sources */,
			);
			runOnlyForDeploymentPostprocessing = 0;
		};
/* End PBXSourcesBuildPhase section */

/* Begin XCBuildConfiguration section */
		1D6058940D05DD3E006BFB54 /* Debug */ = {
			isa = XCBuildConfiguration;
			buildSettings = {
				ALWAYS_SEARCH_USER_PATHS = NO;
				COPY_PHASE_STRIP = NO;
				GCC_DYNAMIC_NO_PIC = NO;
				GCC_OPTIMIZATION_LEVEL = 0;
				GCC_PRECOMPILE_PREFIX_HEADER = YES;
				GCC_PREFIX_HEADER = AudioThrough_Prefix.pch;
				INFOPLIST_FILE = Info.plist;
				PRODUCT_NAME = AudioThrough;
			};
			name = Debug;
		};
		1D6058950D05DD3E006BFB54 /* Release */ = {
			isa = XCBuildConfiguration;
			buildSettings = {
				ALWAYS_SEARCH_USER_PATHS = NO;
				COPY_PHASE_STRIP = YES;
				GCC_PRECOMPILE_PREFIX_HEADER = YES;
				GCC_PREFIX_HEADER = AudioThrough_Prefix.pch;
				INFOPLIST_FILE = Info.plist;
				PRODUCT_NAME = AudioThrough;
			};
			name = Release;
		};
		C01FCF4F08A954540054247B /* Debug */ = {
			isa = XCBuildConfiguration;
			buildSettings = {
				ARCHS = "$(ARCHS_STANDARD_32_BIT)";
				CODE_SIGN_IDENTITY = "iPhone Developer: Pat O'Keefe";
				"CODE_SIGN_IDENTITY[sdk=iphoneos*]" = "iPhone Developer: Pat O'Keefe";
				GCC_C_LANGUAGE_STANDARD = c99;
				GCC_OBJC_CALL_CXX_CDTORS = YES;
				GCC_THUMB_SUPPORT = NO;
				GCC_WARN_ABOUT_RETURN_TYPE = YES;
				GCC_WARN_UNUSED_VARIABLE = YES;
				ONLY_ACTIVE_ARCH = YES;
				PREBINDING = NO;
				PROVISIONING_PROFILE = "CD5B96EC-732D-41A1-ADAC-AF3998D1BB61";
				"PROVISIONING_PROFILE[sdk=iphoneos*]" = "CD5B96EC-732D-41A1-ADAC-AF3998D1BB61";
				SDKROOT = iphoneos2.2.1;
			};
			name = Debug;
		};
		C01FCF5008A954540054247B /* Release */ = {
			isa = XCBuildConfiguration;
			buildSettings = {
				ARCHS = "$(ARCHS_STANDARD_32_BIT)";
				"CODE_SIGN_IDENTITY[sdk=iphoneos*]" = "iPhone Developer";
				GCC_C_LANGUAGE_STANDARD = c99;
				GCC_WARN_ABOUT_RETURN_TYPE = YES;
				GCC_WARN_UNUSED_VARIABLE = YES;
				PREBINDING = NO;
				SDKROOT = iphoneos2.2.1;
			};
			name = Release;
		};
/* End XCBuildConfiguration section */

/* Begin XCConfigurationList section */
		1D6058960D05DD3E006BFB54 /* Build configuration list for PBXNativeTarget "AudioThrough" */ = {
			isa = XCConfigurationList;
			buildConfigurations = (
				1D6058940D05DD3E006BFB54 /* Debug */,
				1D6058950D05DD3E006BFB54 /* Release */,
			);
			defaultConfigurationIsVisible = 0;
			defaultConfigurationName = Release;
		};
		C01FCF4E08A954540054247B /* Build configuration list for PBXProject "AudioThrough" */ = {
			isa = XCConfigurationList;
			buildConfigurations = (
				C01FCF4F08A954540054247B /* Debug */,
				C01FCF5008A954540054247B /* Release */,
			);
			defaultConfigurationIsVisible = 0;
			defaultConfigurationName = Release;
		};
/* End XCConfigurationList section */
	};
	rootObject = 29B97313FDCFA39411CA2CEA /* Project object */;
}
